
Microsoft Visual Studio Solution File, Format Version 12.00
# Visual Studio Version 16
VisualStudioVersion = 16.0.31727.386
MinimumVisualStudioVersion = 10.0.40219.1
Project("{2150E333-8FDC-42A3-9474-1A3956D46DE8}") = "Solution Items", "Solution Items", "{947B4CC0-7B28-4A3C-BCE3-A97AD0F12F87}"
	ProjectSection(SolutionItems) = preProject
		README.md = README.md
	EndProjectSection
EndProject
Project("{9A19103F-16F7-4668-BE54-9A1E7A4F7556}") = "DAL", "DAL\DAL.csproj", "{C803CDB6-040A-408C-BEB8-2204880F45AE}"
EndProject
Project("{9A19103F-16F7-4668-BE54-9A1E7A4F7556}") = "ConsoleUI", "ConsoleUI1\ConsoleUI.csproj", "{A11B0BAD-B651-4192-A64A-6E914934C2B1}"
EndProject
Project("{9A19103F-16F7-4668-BE54-9A1E7A4F7556}") = "BLL", "BL\BLL.csproj", "{DD8972F2-9861-40B5-87B6-559F4442381B}"
EndProject
Project("{9A19103F-16F7-4668-BE54-9A1E7A4F7556}") = "ConsoleBLUI", "ConsoleBLUI\ConsoleBLUI.csproj", "{C6260D63-2D89-4DEB-82D0-123962565924}"
EndProject
Project("{9A19103F-16F7-4668-BE54-9A1E7A4F7556}") = "PL", "PL\PL.csproj", "{BD85A06E-6CFD-4B4B-8321-3EFD96010D0E}"
EndProject
Project("{9A19103F-16F7-4668-BE54-9A1E7A4F7556}") = "DALFacade", "DALFacade\DALFacade.csproj", "{3437BDAA-A402-406C-882C-40771995E31B}"
EndProject
Project("{9A19103F-16F7-4668-BE54-9A1E7A4F7556}") = "DalObject", "DALObject\DalObject.csproj", "{32008D2A-5A21-4BA5-A247-9B6284672A64}"
EndProject
Project("{9A19103F-16F7-4668-BE54-9A1E7A4F7556}") = "DalXml", "DALXML\DalXml.csproj", "{FD46B6D8-9D47-4620-B841-2CDC0EAEDD08}"
EndProject
Project("{2150E333-8FDC-42A3-9474-1A3956D46DE8}") = "exersize", "exersize", "{E11D9653-A440-40B9-B6FE-EDAAA4A0527D}"
EndProject
Project("{9A19103F-16F7-4668-BE54-9A1E7A4F7556}") = "BL", "BAL\BL.csproj", "{6C6DA89C-93D9-45AE-AE21-D797265D28D4}"
EndProject
Project("{2150E333-8FDC-42A3-9474-1A3956D46DE8}") = "xml", "xml", "{E8533B31-7191-4300-A113-23C0E9EAB4E1}"
	ProjectSection(SolutionItems) = preProject
		xml\BaseStationsXml.xml = xml\BaseStationsXml.xml
		xml\CustomersXml.xml = xml\CustomersXml.xml
		xml\dal-config.xml = xml\dal-config.xml
		xml\DronesInChargeXml.xml = xml\DronesInChargeXml.xml
		xml\DronesXml.xml = xml\DronesXml.xml
		xml\ParcelsXml.xml = xml\ParcelsXml.xml
		xml\UsersXml.xml = xml\UsersXml.xml
	EndProjectSection
EndProject
Global
	GlobalSection(SolutionConfigurationPlatforms) = preSolution
		Debug|Any CPU = Debug|Any CPU
		Release|Any CPU = Release|Any CPU
	EndGlobalSection
	GlobalSection(ProjectConfigurationPlatforms) = postSolution
		{C803CDB6-040A-408C-BEB8-2204880F45AE}.Debug|Any CPU.ActiveCfg = Debug|Any CPU
		{C803CDB6-040A-408C-BEB8-2204880F45AE}.Debug|Any CPU.Build.0 = Debug|Any CPU
		{C803CDB6-040A-408C-BEB8-2204880F45AE}.Release|Any CPU.ActiveCfg = Release|Any CPU
		{C803CDB6-040A-408C-BEB8-2204880F45AE}.Release|Any CPU.Build.0 = Release|Any CPU
		{A11B0BAD-B651-4192-A64A-6E914934C2B1}.Debug|Any CPU.ActiveCfg = Debug|Any CPU
		{A11B0BAD-B651-4192-A64A-6E914934C2B1}.Debug|Any CPU.Build.0 = Debug|Any CPU
		{A11B0BAD-B651-4192-A64A-6E914934C2B1}.Release|Any CPU.ActiveCfg = Release|Any CPU
		{A11B0BAD-B651-4192-A64A-6E914934C2B1}.Release|Any CPU.Build.0 = Release|Any CPU
		{DD8972F2-9861-40B5-87B6-559F4442381B}.Debug|Any CPU.ActiveCfg = Debug|Any CPU
		{DD8972F2-9861-40B5-87B6-559F4442381B}.Debug|Any CPU.Build.0 = Debug|Any CPU
		{DD8972F2-9861-40B5-87B6-559F4442381B}.Release|Any CPU.ActiveCfg = Release|Any CPU
		{DD8972F2-9861-40B5-87B6-559F4442381B}.Release|Any CPU.Build.0 = Release|Any CPU
		{C6260D63-2D89-4DEB-82D0-123962565924}.Debug|Any CPU.ActiveCfg = Debug|Any CPU
		{C6260D63-2D89-4DEB-82D0-123962565924}.Debug|Any CPU.Build.0 = Debug|Any CPU
		{C6260D63-2D89-4DEB-82D0-123962565924}.Release|Any CPU.ActiveCfg = Release|Any CPU
		{C6260D63-2D89-4DEB-82D0-123962565924}.Release|Any CPU.Build.0 = Release|Any CPU
		{BD85A06E-6CFD-4B4B-8321-3EFD96010D0E}.Debug|Any CPU.ActiveCfg = Debug|Any CPU
		{BD85A06E-6CFD-4B4B-8321-3EFD96010D0E}.Debug|Any CPU.Build.0 = Debug|Any CPU
		{BD85A06E-6CFD-4B4B-8321-3EFD96010D0E}.Release|Any CPU.ActiveCfg = Release|Any CPU
		{BD85A06E-6CFD-4B4B-8321-3EFD96010D0E}.Release|Any CPU.Build.0 = Release|Any CPU
		{3437BDAA-A402-406C-882C-40771995E31B}.Debug|Any CPU.ActiveCfg = Debug|Any CPU
		{3437BDAA-A402-406C-882C-40771995E31B}.Debug|Any CPU.Build.0 = Debug|Any CPU
		{3437BDAA-A402-406C-882C-40771995E31B}.Release|Any CPU.ActiveCfg = Release|Any CPU
		{3437BDAA-A402-406C-882C-40771995E31B}.Release|Any CPU.Build.0 = Release|Any CPU
		{32008D2A-5A21-4BA5-A247-9B6284672A64}.Debug|Any CPU.ActiveCfg = Debug|Any CPU
		{32008D2A-5A21-4BA5-A247-9B6284672A64}.Debug|Any CPU.Build.0 = Debug|Any CPU
		{32008D2A-5A21-4BA5-A247-9B6284672A64}.Release|Any CPU.ActiveCfg = Release|Any CPU
		{32008D2A-5A21-4BA5-A247-9B6284672A64}.Release|Any CPU.Build.0 = Release|Any CPU
		{FD46B6D8-9D47-4620-B841-2CDC0EAEDD08}.Debug|Any CPU.ActiveCfg = Debug|Any CPU
		{FD46B6D8-9D47-4620-B841-2CDC0EAEDD08}.Debug|Any CPU.Build.0 = Debug|Any CPU
		{FD46B6D8-9D47-4620-B841-2CDC0EAEDD08}.Release|Any CPU.ActiveCfg = Release|Any CPU
		{FD46B6D8-9D47-4620-B841-2CDC0EAEDD08}.Release|Any CPU.Build.0 = Release|Any CPU
		{6C6DA89C-93D9-45AE-AE21-D797265D28D4}.Debug|Any CPU.ActiveCfg = Debug|Any CPU
		{6C6DA89C-93D9-45AE-AE21-D797265D28D4}.Debug|Any CPU.Build.0 = Debug|Any CPU
		{6C6DA89C-93D9-45AE-AE21-D797265D28D4}.Release|Any CPU.ActiveCfg = Release|Any CPU
		{6C6DA89C-93D9-45AE-AE21-D797265D28D4}.Release|Any CPU.Build.0 = Release|Any CPU
	EndGlobalSection
	GlobalSection(SolutionProperties) = preSolution
		HideSolutionNode = FALSE
	EndGlobalSection
	GlobalSection(NestedProjects) = preSolution
		{C803CDB6-040A-408C-BEB8-2204880F45AE} = {E11D9653-A440-40B9-B6FE-EDAAA4A0527D}
		{A11B0BAD-B651-4192-A64A-6E914934C2B1} = {E11D9653-A440-40B9-B6FE-EDAAA4A0527D}
		{DD8972F2-9861-40B5-87B6-559F4442381B} = {E11D9653-A440-40B9-B6FE-EDAAA4A0527D}
		{C6260D63-2D89-4DEB-82D0-123962565924} = {E11D9653-A440-40B9-B6FE-EDAAA4A0527D}
		{BD85A06E-6CFD-4B4B-8321-3EFD96010D0E} = {947B4CC0-7B28-4A3C-BCE3-A97AD0F12F87}
		{3437BDAA-A402-406C-882C-40771995E31B} = {947B4CC0-7B28-4A3C-BCE3-A97AD0F12F87}
		{32008D2A-5A21-4BA5-A247-9B6284672A64} = {947B4CC0-7B28-4A3C-BCE3-A97AD0F12F87}
		{FD46B6D8-9D47-4620-B841-2CDC0EAEDD08} = {947B4CC0-7B28-4A3C-BCE3-A97AD0F12F87}
		{E11D9653-A440-40B9-B6FE-EDAAA4A0527D} = {947B4CC0-7B28-4A3C-BCE3-A97AD0F12F87}
		{6C6DA89C-93D9-45AE-AE21-D797265D28D4} = {947B4CC0-7B28-4A3C-BCE3-A97AD0F12F87}
		{E8533B31-7191-4300-A113-23C0E9EAB4E1} = {947B4CC0-7B28-4A3C-BCE3-A97AD0F12F87}
	EndGlobalSection
	GlobalSection(ExtensibilityGlobals) = postSolution
		SolutionGuid = {772D34E7-C0BE-4637-9BE3-A202F3249F5C}
	EndGlobalSection
EndGlobal
